
Microsoft Visual Studio Solution File, Format Version 12.00
# Visual Studio Version 17
VisualStudioVersion = 17.4.33213.308
MinimumVisualStudioVersion = 10.0.40219.1
Project("{FAE04EC0-301F-11D3-BF4B-00C04F79EFBC}") = "SistemaControlIngresosGastosNETCore", "SistemaControlIngresosGastosNETCore\SistemaControlIngresosGastosNETCore.csproj", "{83A6CD9D-5185-4D94-99B2-4594C2251592}"
EndProject
Global
	GlobalSection(SolutionConfigurationPlatforms) = preSolution
		Debug|Any CPU = Debug|Any CPU
		Release|Any CPU = Release|Any CPU
	EndGlobalSection
	GlobalSection(ProjectConfigurationPlatforms) = postSolution
		{83A6CD9D-5185-4D94-99B2-4594C2251592}.Debug|Any CPU.ActiveCfg = Debug|Any CPU
		{83A6CD9D-5185-4D94-99B2-4594C2251592}.Debug|Any CPU.Build.0 = Debug|Any CPU
		{83A6CD9D-5185-4D94-99B2-4594C2251592}.Release|Any CPU.ActiveCfg = Release|Any CPU
		{83A6CD9D-5185-4D94-99B2-4594C2251592}.Release|Any CPU.Build.0 = Release|Any CPU
	EndGlobalSection
	GlobalSection(SolutionProperties) = preSolution
		HideSolutionNode = FALSE
	EndGlobalSection
	GlobalSection(ExtensibilityGlobals) = postSolution
		SolutionGuid = {B38C286A-E4A1-4168-AC4B-CF65A620CB31}
	EndGlobalSection
EndGlobal
